{
  "name": "canvanim",
  "version": "1.0.4",
  "lockfileVersion": 1,
  "requires": true,
  "dependencies": {
    "jsdoc-json": {
      "version": "2.0.2",
      "resolved": "https://registry.npmjs.org/jsdoc-json/-/jsdoc-json-2.0.2.tgz",
      "integrity": "sha512-n0vVkWvBMHFNUsW6HUhMrVCk+nJZwW3kpd9/JiCgdYvjjZV3NcP5fV3+lTgOkOA/bTKJxbCKT8Au92FHII3pnA=="
    },
    "typescript": {
      "version": "3.9.5",
      "resolved": "https://registry.npmjs.org/typescript/-/typescript-3.9.5.tgz",
      "integrity": "sha512-hSAifV3k+i6lEoCJ2k6R2Z/rp/H3+8sdmcn5NrS3/3kE7+RyZXm9aqvxWqjEXHAd8b0pShatpcdMTvEdvAJltQ=="
    }
  }
}
